
Microsoft Visual Studio Solution File, Format Version 12.00
# Visual Studio Version 17
VisualStudioVersion = 17.5.33414.496
MinimumVisualStudioVersion = 10.0.40219.1
Project("{FAE04EC0-301F-11D3-BF4B-00C04F79EFBC}") = "Article programm", "Article programm\Article programm.csproj", "{279D8271-EAD1-4C70-8C49-6486680BC540}"
EndProject
Global
	GlobalSection(SolutionConfigurationPlatforms) = preSolution
		Debug|Any CPU = Debug|Any CPU
		Release|Any CPU = Release|Any CPU
	EndGlobalSection
	GlobalSection(ProjectConfigurationPlatforms) = postSolution
		{279D8271-EAD1-4C70-8C49-6486680BC540}.Debug|Any CPU.ActiveCfg = Debug|Any CPU
		{279D8271-EAD1-4C70-8C49-6486680BC540}.Debug|Any CPU.Build.0 = Debug|Any CPU
		{279D8271-EAD1-4C70-8C49-6486680BC540}.Release|Any CPU.ActiveCfg = Release|Any CPU
		{279D8271-EAD1-4C70-8C49-6486680BC540}.Release|Any CPU.Build.0 = Release|Any CPU
	EndGlobalSection
	GlobalSection(SolutionProperties) = preSolution
		HideSolutionNode = FALSE
	EndGlobalSection
	GlobalSection(ExtensibilityGlobals) = postSolution
		SolutionGuid = {08E61382-CC78-4E5B-BBAF-557F9AB735F7}
	EndGlobalSection
EndGlobal
